{
  "name": "eofol-lib",
  "lockfileVersion": 3,
  "requires": true,
  "packages": {
    "": {
      "name": "eofol-lib",
      "workspaces": [
        "apps/*",
        "packages/*"
      ],
      "devDependencies": {
        "prettier": "^3.2.5",
        "turbo": "^2.0.9",
        "typescript": "^5.4.5"
      },
      "engines": {
        "node": ">=18"
      }
    },
    "apps/docs": {
      "version": "0.1.0",
      "extraneous": true,
      "dependencies": {
        "@repo/ui": "*",
        "next": "15.0.0-rc.0",
        "react": "19.0.0-rc-f994737d14-20240522",
        "react-dom": "19.0.0-rc-f994737d14-20240522"
      },
      "devDependencies": {
        "@repo/eslint-config": "*",
        "@repo/typescript-config": "*",
        "@types/node": "^20",
        "@types/react": "^18",
        "@types/react-dom": "^18",
        "eslint": "^8",
        "eslint-config-next": "15.0.0-rc.0",
        "typescript": "^5"
      }
    },
    "apps/web": {
      "version": "0.1.0",
      "extraneous": true,
      "dependencies": {
        "@repo/ui": "*",
        "next": "15.0.0-rc.0",
        "react": "19.0.0-rc-f994737d14-20240522",
        "react-dom": "19.0.0-rc-f994737d14-20240522"
      },
      "devDependencies": {
        "@repo/eslint-config": "*",
        "@repo/typescript-config": "*",
        "@types/node": "^20",
        "@types/react": "^18",
        "@types/react-dom": "^18",
        "eslint": "^8",
        "eslint-config-next": "15.0.0-rc.0",
        "typescript": "^5"
      }
    },
    "node_modules/@eofol-lib/breakpoint": {
      "resolved": "packages/breakpoint",
      "link": true
    },
    "node_modules/@eofol-lib/debounce": {
      "resolved": "packages/debounce",
      "link": true
    },
    "node_modules/@eofol-lib/fetch": {
      "resolved": "packages/fetch",
      "link": true
    },
    "node_modules/@eofol-lib/geolocation": {
      "resolved": "packages/geolocation",
      "link": true
    },
    "node_modules/@eofol-lib/is-browser": {
      "resolved": "packages/is-browser",
      "link": true
    },
    "node_modules/@eofol-lib/search-params": {
      "resolved": "packages/search-params",
      "link": true
    },
    "node_modules/@eofol-lib/service-worker": {
      "resolved": "packages/service-worker",
      "link": true
    },
    "node_modules/@eofol-lib/storage": {
      "resolved": "packages/storage",
      "link": true
    },
    "node_modules/@eofol-lib/translation": {
      "resolved": "packages/translation",
      "link": true
    },
    "node_modules/prettier": {
      "version": "3.3.3",
      "dev": true,
      "license": "MIT",
      "bin": {
        "prettier": "bin/prettier.cjs"
      },
      "engines": {
        "node": ">=14"
      },
      "funding": {
        "url": "https://github.com/prettier/prettier?sponsor=1"
      }
    },
    "node_modules/turbo": {
      "version": "2.0.9",
      "dev": true,
      "license": "MIT",
      "bin": {
        "turbo": "bin/turbo"
      },
      "optionalDependencies": {
        "turbo-darwin-64": "2.0.9",
        "turbo-darwin-arm64": "2.0.9",
        "turbo-linux-64": "2.0.9",
        "turbo-linux-arm64": "2.0.9",
        "turbo-windows-64": "2.0.9",
        "turbo-windows-arm64": "2.0.9"
      }
    },
    "node_modules/turbo-windows-64": {
      "version": "2.0.9",
      "cpu": [
        "x64"
      ],
      "dev": true,
      "license": "MIT",
      "optional": true,
      "os": [
        "win32"
      ]
    },
    "node_modules/typescript": {
      "version": "5.5.4",
      "dev": true,
      "license": "Apache-2.0",
      "bin": {
        "tsc": "bin/tsc",
        "tsserver": "bin/tsserver"
      },
      "engines": {
        "node": ">=14.17"
      }
    },
    "packages/breakpoint": {
      "name": "@eofol-lib/breakpoint",
      "version": "0.0.0",
      "devDependencies": {
        "typescript": "^5.3.3"
      }
    },
    "packages/debounce": {
      "name": "@eofol-lib/debounce",
      "version": "0.0.0",
      "devDependencies": {
        "typescript": "^5.3.3"
      }
    },
    "packages/fetch": {
      "name": "@eofol-lib/fetch",
      "version": "0.0.0",
      "devDependencies": {
        "typescript": "^5.3.3"
      }
    },
    "packages/geolocation": {
      "name": "@eofol-lib/geolocation",
      "version": "0.0.0",
      "devDependencies": {
        "typescript": "^5.3.3"
      }
    },
    "packages/is-browser": {
      "name": "@eofol-lib/is-browser",
      "version": "0.0.0",
      "devDependencies": {
        "typescript": "^5.3.3"
      }
    },
    "packages/search-params": {
      "name": "@eofol-lib/search-params",
      "version": "0.0.0",
      "devDependencies": {
        "typescript": "^5.3.3"
      }
    },
    "packages/service-worker": {
      "name": "@eofol-lib/service-worker",
      "version": "0.0.0",
      "dependencies": {
        "@eofol-lib/is-browser": "file:../is-browser"
      },
      "devDependencies": {
        "typescript": "^5.3.3"
      }
    },
    "packages/storage": {
      "name": "@eofol-lib/storage",
      "version": "0.0.0",
      "devDependencies": {
        "typescript": "^5.3.3"
      }
    },
    "packages/translation": {
      "name": "@eofol-lib/translation",
      "version": "0.0.0",
      "devDependencies": {
        "typescript": "^5.3.3"
      }
    }
  }
}
